
Microsoft Visual Studio Solution File, Format Version 9.00
# Visual Studio 2005
Project("{8BC9CEB8-8B4A-11D0-8D11-00A0C91BC942}") = "Pygame_Physics", "Pygame_Physics.vcproj", "{DCBBE6BC-CD5F-4F51-B5C0-66715D9A72D8}"
EndProject
Project("{8BC9CEB8-8B4A-11D0-8D11-00A0C91BC942}") = "Test", "Test\Test.vcproj", "{04AC4F22-E18F-4297-A791-A65126FAB7AA}"
	ProjectSection(ProjectDependencies) = postProject
		{DCBBE6BC-CD5F-4F51-B5C0-66715D9A72D8} = {DCBBE6BC-CD5F-4F51-B5C0-66715D9A72D8}
	EndProjectSection
EndProject
Project("{2150E333-8FDC-42A3-9474-1A3956D46DE8}") = "Document", "Document", "{86532ADD-793B-4E68-A6C0-E911FD382476}"
	ProjectSection(SolutionItems) = preProject
		Document\Physics algorithm.txt = Document\Physics algorithm.txt
		Document\ToDoList.txt = Document\ToDoList.txt
	EndProjectSection
EndProject
Global
	GlobalSection(SolutionConfigurationPlatforms) = preSolution
		Debug|Win32 = Debug|Win32
		Release|Win32 = Release|Win32
	EndGlobalSection
	GlobalSection(ProjectConfigurationPlatforms) = postSolution
		{DCBBE6BC-CD5F-4F51-B5C0-66715D9A72D8}.Debug|Win32.ActiveCfg = Debug|Win32
		{DCBBE6BC-CD5F-4F51-B5C0-66715D9A72D8}.Debug|Win32.Build.0 = Debug|Win32
		{DCBBE6BC-CD5F-4F51-B5C0-66715D9A72D8}.Release|Win32.ActiveCfg = Release|Win32
		{DCBBE6BC-CD5F-4F51-B5C0-66715D9A72D8}.Release|Win32.Build.0 = Release|Win32
		{04AC4F22-E18F-4297-A791-A65126FAB7AA}.Debug|Win32.ActiveCfg = Debug|Win32
		{04AC4F22-E18F-4297-A791-A65126FAB7AA}.Debug|Win32.Build.0 = Debug|Win32
		{04AC4F22-E18F-4297-A791-A65126FAB7AA}.Release|Win32.ActiveCfg = Release|Win32
		{04AC4F22-E18F-4297-A791-A65126FAB7AA}.Release|Win32.Build.0 = Release|Win32
	EndGlobalSection
	GlobalSection(SolutionProperties) = preSolution
		HideSolutionNode = FALSE
	EndGlobalSection
EndGlobal
